// !$*UTF8*$!
{
	archiveVersion = 1;
	classes = {
	};
	objectVersion = 46;
	objects = {

/* Begin PBXBuildFile section */
		6EEBE6E51FBC45FF0065200C /* main.m in Sources */ = {isa = PBXBuildFile; fileRef = 6EEBE6E41FBC45FF0065200C /* main.m */; };
		6EEBE6ED1FBC464C0065200C /* Human.m in Sources */ = {isa = PBXBuildFile; fileRef = 6EEBE6EC1FBC464C0065200C /* Human.m */; };
		6EEBE6F11FBC46610065200C /* Gun.m in Sources */ = {isa = PBXBuildFile; fileRef = 6EEBE6F01FBC46610065200C /* Gun.m */; };
/* End PBXBuildFile section */

/* Begin PBXCopyFilesBuildPhase section */
		6EEBE6DF1FBC45FF0065200C /* CopyFiles */ = {
			isa = PBXCopyFilesBuildPhase;
			buildActionMask = 2147483647;
			dstPath = /usr/share/man/man1/;
			dstSubfolderSpec = 0;
			files = (
			);
			runOnlyForDeploymentPostprocessing = 1;
		};
/* End PBXCopyFilesBuildPhase section */

/* Begin PBXFileReference section */
		6EEBE6E11FBC45FF0065200C /* 实验文件 */ = {isa = PBXFileReference; explicitFileType = "compiled.mach-o.executable"; includeInIndex = 0; path = "实验文件"; sourceTree = BUILT_PRODUCTS_DIR; };
		6EEBE6E41FBC45FF0065200C /* main.m */ = {isa = PBXFileReference; lastKnownFileType = sourcecode.c.objc; path = main.m; sourceTree = "<group>"; };
		6EEBE6EB1FBC464C0065200C /* Human.h */ = {isa = PBXFileReference; fileEncoding = 4; lastKnownFileType = sourcecode.c.h; path = Human.h; sourceTree = "<group>"; };
		6EEBE6EC1FBC464C0065200C /* Human.m */ = {isa = PBXFileReference; fileEncoding = 4; lastKnownFileType = sourcecode.c.objc; path = Human.m; sourceTree = "<group>"; };
		6EEBE6EF1FBC46610065200C /* Gun.h */ = {isa = PBXFileReference; fileEncoding = 4; lastKnownFileType = sourcecode.c.h; path = Gun.h; sourceTree = "<group>"; };
		6EEBE6F01FBC46610065200C /* Gun.m */ = {isa = PBXFileReference; fileEncoding = 4; lastKnownFileType = sourcecode.c.objc; path = Gun.m; sourceTree = "<group>"; };
/* End PBXFileReference section */

/* Begin PBXFrameworksBuildPhase section */
		6EEBE6DE1FBC45FF0065200C /* Frameworks */ = {
			isa = PBXFrameworksBuildPhase;
			buildActionMask = 2147483647;
			files = (
			);
			runOnlyForDeploymentPostprocessing = 0;
		};
/* End PBXFrameworksBuildPhase section */

/* Begin PBXGroup section */
		6EEBE6D81FBC45FF0065200C = {
			isa = PBXGroup;
			children = (
				6EEBE6E31FBC45FF0065200C /* 实验文件 */,
				6EEBE6E21FBC45FF0065200C /* Products */,
			);
			sourceTree = "<group>";
		};
		6EEBE6E21FBC45FF0065200C /* Products */ = {
			isa = PBXGroup;
			children = (
				6EEBE6E11FBC45FF0065200C /* 实验文件 */,
			);
			name = Products;
			sourceTree = "<group>";
		};
		6EEBE6E31FBC45FF0065200C /* 实验文件 */ = {
			isa = PBXGroup;
			children = (
				6EEBE6E41FBC45FF0065200C /* main.m */,
				6EEBE6EF1FBC46610065200C /* Gun.h */,
				6EEBE6F01FBC46610065200C /* Gun.m */,
				6EEBE6EB1FBC464C0065200C /* Human.h */,
				6EEBE6EC1FBC464C0065200C /* Human.m */,
			);
			path = "实验文件";
			sourceTree = "<group>";
		};
/* End PBXGroup section */

/* Begin PBXNativeTarget section */
		6EEBE6E01FBC45FF0065200C /* 实验文件 */ = {
			isa = PBXNativeTarget;
			buildConfigurationList = 6EEBE6E81FBC45FF0065200C /* Build configuration list for PBXNativeTarget "实验文件" */;
			buildPhases = (
				6EEBE6DD1FBC45FF0065200C /* Sources */,
				6EEBE6DE1FBC45FF0065200C /* Frameworks */,
				6EEBE6DF1FBC45FF0065200C /* CopyFiles */,
			);
			buildRules = (
			);
			dependencies = (
			);
			name = "实验文件";
			productName = "实验文件";
			productReference = 6EEBE6E11FBC45FF0065200C /* 实验文件 */;
			productType = "com.apple.product-type.tool";
		};
/* End PBXNativeTarget section */

/* Begin PBXProject section */
		6EEBE6D91FBC45FF0065200C /* Project object */ = {
			isa = PBXProject;
			attributes = {
				LastUpgradeCheck = 0830;
				ORGANIZATIONNAME = jyz;
				TargetAttributes = {
					6EEBE6E01FBC45FF0065200C = {
						CreatedOnToolsVersion = 8.3.3;
						ProvisioningStyle = Automatic;
					};
				};
			};
			buildConfigurationList = 6EEBE6DC1FBC45FF0065200C /* Build configuration list for PBXProject "实验文件" */;
			compatibilityVersion = "Xcode 3.2";
			developmentRegion = English;
			hasScannedForEncodings = 0;
			knownRegions = (
				en,
			);
			mainGroup = 6EEBE6D81FBC45FF0065200C;
			productRefGroup = 6EEBE6E21FBC45FF0065200C /* Products */;
			projectDirPath = "";
			projectRoot = "";
			targets = (
				6EEBE6E01FBC45FF0065200C /* 实验文件 */,
			);
		};
/* End PBXProject section */

/* Begin PBXSourcesBuildPhase section */
		6EEBE6DD1FBC45FF0065200C /* Sources */ = {
			isa = PBXSourcesBuildPhase;
			buildActionMask = 2147483647;
			files = (
				6EEBE6F11FBC46610065200C /* Gun.m in Sources */,
				6EEBE6E51FBC45FF0065200C /* main.m in Sources */,
				6EEBE6ED1FBC464C0065200C /* Human.m in Sources */,
			);
			runOnlyForDeploymentPostprocessing = 0;
		};
/* End PBXSourcesBuildPhase section */

/* Begin XCBuildConfiguration section */
		6EEBE6E61FBC45FF0065200C /* Debug */ = {
			isa = XCBuildConfiguration;
			buildSettings = {
				ALWAYS_SEARCH_USER_PATHS = NO;
				CLANG_ANALYZER_NONNULL = YES;
				CLANG_ANALYZER_NUMBER_OBJECT_CONVERSION = YES_AGGRESSIVE;
				CLANG_CXX_LANGUAGE_STANDARD = "gnu++0x";
				CLANG_CXX_LIBRARY = "libc++";
				CLANG_ENABLE_MODULES = YES;
				CLANG_ENABLE_OBJC_ARC = YES;
				CLANG_WARN_BOOL_CONVERSION = YES;
				CLANG_WARN_CONSTANT_CONVERSION = YES;
				CLANG_WARN_DIRECT_OBJC_ISA_USAGE = YES_ERROR;
				CLANG_WARN_DOCUMENTATION_COMMENTS = YES;
				CLANG_WARN_EMPTY_BODY = YES;
				CLANG_WARN_ENUM_CONVERSION = YES;
				CLANG_WARN_INFINITE_RECURSION = YES;
				CLANG_WARN_INT_CONVERSION = YES;
				CLANG_WARN_OBJC_ROOT_CLASS = YES_ERROR;
				CLANG_WARN_SUSPICIOUS_MOVE = YES;
				CLANG_WARN_UNREACHABLE_CODE = YES;
				CLANG_WARN__DUPLICATE_METHOD_MATCH = YES;
				CODE_SIGN_IDENTITY = "-";
				COPY_PHASE_STRIP = NO;
				DEBUG_INFORMATION_FORMAT = dwarf;
				ENABLE_STRICT_OBJC_MSGSEND = YES;
				ENABLE_TESTABILITY = YES;
				GCC_C_LANGUAGE_STANDARD = gnu99;
				GCC_DYNAMIC_NO_PIC = NO;
				GCC_NO_COMMON_BLOCKS = YES;
				GCC_OPTIMIZATION_LEVEL = 0;
				GCC_PREPROCESSOR_DEFINITIONS = (
					"DEBUG=1",
					"$(inherited)",
				);
				GCC_WARN_64_TO_32_BIT_CONVERSION = YES;
				GCC_WARN_ABOUT_RETURN_TYPE = YES_ERROR;
				GCC_WARN_UNDECLARED_SELECTOR = YES;
				GCC_WARN_UNINITIALIZED_AUTOS = YES_AGGRESSIVE;
				GCC_WARN_UNUSED_FUNCTION = YES;
				GCC_WARN_UNUSED_VARIABLE = YES;
				MACOSX_DEPLOYMENT_TARGET = 10.13;
				MTL_ENABLE_DEBUG_INFO = YES;
				ONLY_ACTIVE_ARCH = YES;
				SDKROOT = macosx;
			};
			name = Debug;
		};
		6EEBE6E71FBC45FF0065200C /* Release */ = {
			isa = XCBuildConfiguration;
			buildSettings = {
				ALWAYS_SEARCH_USER_PATHS = NO;
				CLANG_ANALYZER_NONNULL = YES;
				CLANG_ANALYZER_NUMBER_OBJECT_CONVERSION = YES_AGGRESSIVE;
				CLANG_CXX_LANGUAGE_STANDARD = "gnu++0x";
				CLANG_CXX_LIBRARY = "libc++";
				CLANG_ENABLE_MODULES = YES;
				CLANG_ENABLE_OBJC_ARC = YES;
				CLANG_WARN_BOOL_CONVERSION = YES;
				CLANG_WARN_CONSTANT_CONVERSION = YES;
				CLANG_WARN_DIRECT_OBJC_ISA_USAGE = YES_ERROR;
				CLANG_WARN_DOCUMENTATION_COMMENTS = YES;
				CLANG_WARN_EMPTY_BODY = YES;
				CLANG_WARN_ENUM_CONVERSION = YES;
				CLANG_WARN_INFINITE_RECURSION = YES;
				CLANG_WARN_INT_CONVERSION = YES;
				CLANG_WARN_OBJC_ROOT_CLASS = YES_ERROR;
				CLANG_WARN_SUSPICIOUS_MOVE = YES;
				CLANG_WARN_UNREACHABLE_CODE = YES;
				CLANG_WARN__DUPLICATE_METHOD_MATCH = YES;
				CODE_SIGN_IDENTITY = "-";
				COPY_PHASE_STRIP = NO;
				DEBUG_INFORMATION_FORMAT = "dwarf-with-dsym";
				ENABLE_NS_ASSERTIONS = NO;
				ENABLE_STRICT_OBJC_MSGSEND = YES;
				GCC_C_LANGUAGE_STANDARD = gnu99;
				GCC_NO_COMMON_BLOCKS = YES;
				GCC_WARN_64_TO_32_BIT_CONVERSION = YES;
				GCC_WARN_ABOUT_RETURN_TYPE = YES_ERROR;
				GCC_WARN_UNDECLARED_SELECTOR = YES;
				GCC_WARN_UNINITIALIZED_AUTOS = YES_AGGRESSIVE;
				GCC_WARN_UNUSED_FUNCTION = YES;
				GCC_WARN_UNUSED_VARIABLE = YES;
				MACOSX_DEPLOYMENT_TARGET = 10.13;
				MTL_ENABLE_DEBUG_INFO = NO;
				SDKROOT = macosx;
			};
			name = Release;
		};
		6EEBE6E91FBC45FF0065200C /* Debug */ = {
			isa = XCBuildConfiguration;
			buildSettings = {
				PRODUCT_NAME = "$(TARGET_NAME)";
			};
			name = Debug;
		};
		6EEBE6EA1FBC45FF0065200C /* Release */ = {
			isa = XCBuildConfiguration;
			buildSettings = {
				PRODUCT_NAME = "$(TARGET_NAME)";
			};
			name = Release;
		};
/* End XCBuildConfiguration section */

/* Begin XCConfigurationList section */
		6EEBE6DC1FBC45FF0065200C /* Build configuration list for PBXProject "实验文件" */ = {
			isa = XCConfigurationList;
			buildConfigurations = (
				6EEBE6E61FBC45FF0065200C /* Debug */,
				6EEBE6E71FBC45FF0065200C /* Release */,
			);
			defaultConfigurationIsVisible = 0;
			defaultConfigurationName = Release;
		};
		6EEBE6E81FBC45FF0065200C /* Build configuration list for PBXNativeTarget "实验文件" */ = {
			isa = XCConfigurationList;
			buildConfigurations = (
				6EEBE6E91FBC45FF0065200C /* Debug */,
				6EEBE6EA1FBC45FF0065200C /* Release */,
			);
			defaultConfigurationIsVisible = 0;
		};
/* End XCConfigurationList section */
	};
	rootObject = 6EEBE6D91FBC45FF0065200C /* Project object */;
}
